{
  "object": {
    "pins": [
      {
        "package": "Cryptor",
        "repositoryURL": "https://github.com/IBM-Swift/BlueCryptor.git",
        "state": {
          "branch": null,
          "revision": "12d2bf3ec7207ec3cd004b9582f69ef5fae1da3b",
          "version": "1.0.32"
        }
      },
      {
        "package": "Socket",
        "repositoryURL": "https://github.com/IBM-Swift/BlueSocket.git",
        "state": {
          "branch": null,
          "revision": "c46a3d41f5b2401d18bcb46d0101cdc5cd13e307",
          "version": "1.0.52"
        }
      },
      {
        "package": "SSLService",
        "repositoryURL": "https://github.com/IBM-Swift/BlueSSLService.git",
        "state": {
          "branch": null,
          "revision": "d6616def31a12088034f0a63ed4646772eff5bce",
          "version": "1.0.50"
        }
      },
      {
        "package": "Cepoll",
        "repositoryURL": "https://github.com/tannerdsilva/Cepoll.git",
        "state": {
          "branch": null,
          "revision": "8082c69e7ab97849a3f1f26f64d8bcfbcd5e750d",
          "version": "1.0.0"
        }
      },
      {
        "package": "LoggerAPI",
        "repositoryURL": "https://github.com/IBM-Swift/LoggerAPI.git",
        "state": {
          "branch": null,
          "revision": "3357dd9526cdf9436fa63bb792b669e6efdc43da",
          "version": "1.9.0"
        }
      },
      {
        "package": "swift-log",
        "repositoryURL": "https://github.com/apple/swift-log.git",
        "state": {
          "branch": null,
          "revision": "e8aabbe95db22e064ad42f1a4a9f8982664c70ed",
          "version": "1.1.1"
        }
      },
      {
        "package": "SwiftSMTP",
        "repositoryURL": "https://github.com/IBM-Swift/Swift-SMTP.git",
        "state": {
          "branch": null,
          "revision": "23360cff5fcb92fb37041f5dd1ef16d7b8fe5ff0",
          "version": "5.1.1"
        }
      }
    ]
  },
  "version": 1
}
